
Microsoft Visual Studio Solution File, Format Version 12.00
# Visual Studio Version 17
VisualStudioVersion = 17.4.33110.190
MinimumVisualStudioVersion = 10.0.40219.1
Project("{FAE04EC0-301F-11D3-BF4B-00C04F79EFBC}") = "TcpServer", "TcpServer\TcpServer.csproj", "{4ED04566-8BE8-46CB-A46C-CED239AF7236}"
EndProject
Project("{FAE04EC0-301F-11D3-BF4B-00C04F79EFBC}") = "TcpClient", "TcpClient\TcpClient.csproj", "{60843363-ACCF-46CF-B925-0E6FE5A444A0}"
EndProject
Global
	GlobalSection(SolutionConfigurationPlatforms) = preSolution
		Debug|Any CPU = Debug|Any CPU
		Release|Any CPU = Release|Any CPU
	EndGlobalSection
	GlobalSection(ProjectConfigurationPlatforms) = postSolution
		{4ED04566-8BE8-46CB-A46C-CED239AF7236}.Debug|Any CPU.ActiveCfg = Debug|Any CPU
		{4ED04566-8BE8-46CB-A46C-CED239AF7236}.Debug|Any CPU.Build.0 = Debug|Any CPU
		{4ED04566-8BE8-46CB-A46C-CED239AF7236}.Release|Any CPU.ActiveCfg = Release|Any CPU
		{4ED04566-8BE8-46CB-A46C-CED239AF7236}.Release|Any CPU.Build.0 = Release|Any CPU
		{60843363-ACCF-46CF-B925-0E6FE5A444A0}.Debug|Any CPU.ActiveCfg = Debug|Any CPU
		{60843363-ACCF-46CF-B925-0E6FE5A444A0}.Debug|Any CPU.Build.0 = Debug|Any CPU
		{60843363-ACCF-46CF-B925-0E6FE5A444A0}.Release|Any CPU.ActiveCfg = Release|Any CPU
		{60843363-ACCF-46CF-B925-0E6FE5A444A0}.Release|Any CPU.Build.0 = Release|Any CPU
	EndGlobalSection
	GlobalSection(SolutionProperties) = preSolution
		HideSolutionNode = FALSE
	EndGlobalSection
	GlobalSection(ExtensibilityGlobals) = postSolution
		SolutionGuid = {CEAF170C-BE77-4CB0-B907-0643107110EB}
	EndGlobalSection
EndGlobal
