
Microsoft Visual Studio Solution File, Format Version 12.00
Project("{FAE04EC0-301F-11D3-BF4B-00C04F79EFBC}") = "LocalFtpClient", "LocalFtpClient\LocalFtpClient.csproj", "{C3145244-87E8-4FB4-860F-9A98D63C426A}"
EndProject
Global
	GlobalSection(SolutionConfigurationPlatforms) = preSolution
		Debug|Any CPU = Debug|Any CPU
		Release|Any CPU = Release|Any CPU
	EndGlobalSection
	GlobalSection(ProjectConfigurationPlatforms) = postSolution
		{C3145244-87E8-4FB4-860F-9A98D63C426A}.Debug|Any CPU.ActiveCfg = Debug|Any CPU
		{C3145244-87E8-4FB4-860F-9A98D63C426A}.Debug|Any CPU.Build.0 = Debug|Any CPU
		{C3145244-87E8-4FB4-860F-9A98D63C426A}.Release|Any CPU.ActiveCfg = Release|Any CPU
		{C3145244-87E8-4FB4-860F-9A98D63C426A}.Release|Any CPU.Build.0 = Release|Any CPU
	EndGlobalSection
EndGlobal
