
Microsoft Visual Studio Solution File, Format Version 12.00
# Visual Studio Version 17
VisualStudioVersion = 17.4.33205.214
MinimumVisualStudioVersion = 10.0.40219.1
Project("{9A19103F-16F7-4668-BE54-9A1E7A4F7556}") = "MulticastChat", "MulticastChat\MulticastChat.csproj", "{11DCC93E-DEAE-4282-AAF8-FD6513755C27}"
EndProject
Global
	GlobalSection(SolutionConfigurationPlatforms) = preSolution
		Debug|Any CPU = Debug|Any CPU
		Release|Any CPU = Release|Any CPU
	EndGlobalSection
	GlobalSection(ProjectConfigurationPlatforms) = postSolution
		{11DCC93E-DEAE-4282-AAF8-FD6513755C27}.Debug|Any CPU.ActiveCfg = Debug|Any CPU
		{11DCC93E-DEAE-4282-AAF8-FD6513755C27}.Debug|Any CPU.Build.0 = Debug|Any CPU
		{11DCC93E-DEAE-4282-AAF8-FD6513755C27}.Release|Any CPU.ActiveCfg = Release|Any CPU
		{11DCC93E-DEAE-4282-AAF8-FD6513755C27}.Release|Any CPU.Build.0 = Release|Any CPU
	EndGlobalSection
	GlobalSection(SolutionProperties) = preSolution
		HideSolutionNode = FALSE
	EndGlobalSection
	GlobalSection(ExtensibilityGlobals) = postSolution
		SolutionGuid = {1AF88804-E542-40E5-A06C-DFEB536F6C15}
	EndGlobalSection
EndGlobal
