
Microsoft Visual Studio Solution File, Format Version 12.00
# Visual Studio Version 17
VisualStudioVersion = 17.6.33417.168
MinimumVisualStudioVersion = 10.0.40219.1
Project("{FAE04EC0-301F-11D3-BF4B-00C04F79EFBC}") = "Chat", "Chat\Chat.csproj", "{EF9E7DE6-9203-4A15-9967-BCBBE2FDF8FE}"
EndProject
Global
	GlobalSection(SolutionConfigurationPlatforms) = preSolution
		Debug|Any CPU = Debug|Any CPU
		Release|Any CPU = Release|Any CPU
	EndGlobalSection
	GlobalSection(ProjectConfigurationPlatforms) = postSolution
		{EF9E7DE6-9203-4A15-9967-BCBBE2FDF8FE}.Debug|Any CPU.ActiveCfg = Debug|Any CPU
		{EF9E7DE6-9203-4A15-9967-BCBBE2FDF8FE}.Debug|Any CPU.Build.0 = Debug|Any CPU
		{EF9E7DE6-9203-4A15-9967-BCBBE2FDF8FE}.Release|Any CPU.ActiveCfg = Release|Any CPU
		{EF9E7DE6-9203-4A15-9967-BCBBE2FDF8FE}.Release|Any CPU.Build.0 = Release|Any CPU
	EndGlobalSection
	GlobalSection(SolutionProperties) = preSolution
		HideSolutionNode = FALSE
	EndGlobalSection
	GlobalSection(ExtensibilityGlobals) = postSolution
		SolutionGuid = {94898372-85B3-4EE1-8482-D5A351BA7F84}
	EndGlobalSection
EndGlobal
